
Microsoft Visual Studio Solution File, Format Version 12.00
# Visual Studio 14
VisualStudioVersion = 14.0.24720.0
MinimumVisualStudioVersion = 10.0.40219.1
Project("{FAE04EC0-301F-11D3-BF4B-00C04F79EFBC}") = "ASP_Decisions_v1", "ASP_Decisions\ASP_Decisions_v1.csproj", "{0E16FF05-ACD6-4C13-A214-262117D7DB70}"
EndProject
Project("{FAE04EC0-301F-11D3-BF4B-00C04F79EFBC}") = "ASP_Decisions", "..\ASP_Decisions2\ASP_Decisions\ASP_Decisions.csproj", "{DF664D10-AC38-40ED-BFCC-567B3D9B3424}"
EndProject
Global
	GlobalSection(SolutionConfigurationPlatforms) = preSolution
		Debug|Any CPU = Debug|Any CPU
		Release|Any CPU = Release|Any CPU
	EndGlobalSection
	GlobalSection(ProjectConfigurationPlatforms) = postSolution
		{0E16FF05-ACD6-4C13-A214-262117D7DB70}.Debug|Any CPU.ActiveCfg = Debug|Any CPU
		{0E16FF05-ACD6-4C13-A214-262117D7DB70}.Debug|Any CPU.Build.0 = Debug|Any CPU
		{0E16FF05-ACD6-4C13-A214-262117D7DB70}.Release|Any CPU.ActiveCfg = Release|Any CPU
		{0E16FF05-ACD6-4C13-A214-262117D7DB70}.Release|Any CPU.Build.0 = Release|Any CPU
		{DF664D10-AC38-40ED-BFCC-567B3D9B3424}.Debug|Any CPU.ActiveCfg = Debug|Any CPU
		{DF664D10-AC38-40ED-BFCC-567B3D9B3424}.Debug|Any CPU.Build.0 = Debug|Any CPU
		{DF664D10-AC38-40ED-BFCC-567B3D9B3424}.Release|Any CPU.ActiveCfg = Release|Any CPU
		{DF664D10-AC38-40ED-BFCC-567B3D9B3424}.Release|Any CPU.Build.0 = Release|Any CPU
	EndGlobalSection
	GlobalSection(SolutionProperties) = preSolution
		HideSolutionNode = FALSE
	EndGlobalSection
EndGlobal
